
Microsoft Visual Studio Solution File, Format Version 12.00
# Visual Studio Version 17
VisualStudioVersion = 17.7.34202.233
MinimumVisualStudioVersion = 10.0.40219.1
Project("{9A19103F-16F7-4668-BE54-9A1E7A4F7556}") = "C#_Project1", "C#_Project1\C#_Project1.csproj", "{48759A25-3E47-43C9-8120-E5FFD27A8758}"
EndProject
Project("{9A19103F-16F7-4668-BE54-9A1E7A4F7556}") = "BLL", "BLL\BLL.csproj", "{9C90215C-A522-4478-987E-21D8A380CD70}"
EndProject
Project("{9A19103F-16F7-4668-BE54-9A1E7A4F7556}") = "DAL", "DAL\DAL.csproj", "{79DB8C18-857B-45E3-8918-AFBA2F21DAF2}"
EndProject
Project("{9A19103F-16F7-4668-BE54-9A1E7A4F7556}") = "Common", "Common\Common.csproj", "{8FAFDF7A-9B87-4AC7-906E-F688AE1FF168}"
EndProject
Global
	GlobalSection(SolutionConfigurationPlatforms) = preSolution
		Debug|Any CPU = Debug|Any CPU
		Release|Any CPU = Release|Any CPU
	EndGlobalSection
	GlobalSection(ProjectConfigurationPlatforms) = postSolution
		{48759A25-3E47-43C9-8120-E5FFD27A8758}.Debug|Any CPU.ActiveCfg = Debug|Any CPU
		{48759A25-3E47-43C9-8120-E5FFD27A8758}.Debug|Any CPU.Build.0 = Debug|Any CPU
		{48759A25-3E47-43C9-8120-E5FFD27A8758}.Release|Any CPU.ActiveCfg = Release|Any CPU
		{48759A25-3E47-43C9-8120-E5FFD27A8758}.Release|Any CPU.Build.0 = Release|Any CPU
		{9C90215C-A522-4478-987E-21D8A380CD70}.Debug|Any CPU.ActiveCfg = Debug|Any CPU
		{9C90215C-A522-4478-987E-21D8A380CD70}.Debug|Any CPU.Build.0 = Debug|Any CPU
		{9C90215C-A522-4478-987E-21D8A380CD70}.Release|Any CPU.ActiveCfg = Release|Any CPU
		{9C90215C-A522-4478-987E-21D8A380CD70}.Release|Any CPU.Build.0 = Release|Any CPU
		{79DB8C18-857B-45E3-8918-AFBA2F21DAF2}.Debug|Any CPU.ActiveCfg = Debug|Any CPU
		{79DB8C18-857B-45E3-8918-AFBA2F21DAF2}.Debug|Any CPU.Build.0 = Debug|Any CPU
		{79DB8C18-857B-45E3-8918-AFBA2F21DAF2}.Release|Any CPU.ActiveCfg = Release|Any CPU
		{79DB8C18-857B-45E3-8918-AFBA2F21DAF2}.Release|Any CPU.Build.0 = Release|Any CPU
		{8FAFDF7A-9B87-4AC7-906E-F688AE1FF168}.Debug|Any CPU.ActiveCfg = Debug|Any CPU
		{8FAFDF7A-9B87-4AC7-906E-F688AE1FF168}.Debug|Any CPU.Build.0 = Debug|Any CPU
		{8FAFDF7A-9B87-4AC7-906E-F688AE1FF168}.Release|Any CPU.ActiveCfg = Release|Any CPU
		{8FAFDF7A-9B87-4AC7-906E-F688AE1FF168}.Release|Any CPU.Build.0 = Release|Any CPU
	EndGlobalSection
	GlobalSection(SolutionProperties) = preSolution
		HideSolutionNode = FALSE
	EndGlobalSection
	GlobalSection(ExtensibilityGlobals) = postSolution
		SolutionGuid = {AACD8863-BC13-47AA-A667-63C786257179}
	EndGlobalSection
EndGlobal
